
Microsoft Visual Studio Solution File, Format Version 12.00
# Visual Studio Version 16
VisualStudioVersion = 16.0.30114.105
MinimumVisualStudioVersion = 10.0.40219.1
Project("{FAE04EC0-301F-11D3-BF4B-00C04F79EFBC}") = "VariablesAndTypes", "VariablesAndTypes\VariablesAndTypes.csproj", "{B4307F61-6363-4CFF-8D17-3A041FEA3ABA}"
EndProject
Project("{FAE04EC0-301F-11D3-BF4B-00C04F79EFBC}") = "Operators", "Operators\Operators.csproj", "{BB220128-3A0F-4AFD-AD9D-1D718A80EF4A}"
EndProject
Project("{FAE04EC0-301F-11D3-BF4B-00C04F79EFBC}") = "Conditionals", "Conditionals\Conditionals.csproj", "{B6207F21-5A39-4951-BEFC-87F905635AD3}"
EndProject
Project("{FAE04EC0-301F-11D3-BF4B-00C04F79EFBC}") = "Loops", "Loops\Loops.csproj", "{53E51CB6-B092-407B-9413-A6FC3F84D763}"
EndProject
Global
	GlobalSection(SolutionConfigurationPlatforms) = preSolution
		Debug|Any CPU = Debug|Any CPU
		Release|Any CPU = Release|Any CPU
	EndGlobalSection
	GlobalSection(SolutionProperties) = preSolution
		HideSolutionNode = FALSE
	EndGlobalSection
	GlobalSection(ProjectConfigurationPlatforms) = postSolution
		{B4307F61-6363-4CFF-8D17-3A041FEA3ABA}.Debug|Any CPU.ActiveCfg = Debug|Any CPU
		{B4307F61-6363-4CFF-8D17-3A041FEA3ABA}.Debug|Any CPU.Build.0 = Debug|Any CPU
		{B4307F61-6363-4CFF-8D17-3A041FEA3ABA}.Release|Any CPU.ActiveCfg = Release|Any CPU
		{B4307F61-6363-4CFF-8D17-3A041FEA3ABA}.Release|Any CPU.Build.0 = Release|Any CPU
		{BB220128-3A0F-4AFD-AD9D-1D718A80EF4A}.Debug|Any CPU.ActiveCfg = Debug|Any CPU
		{BB220128-3A0F-4AFD-AD9D-1D718A80EF4A}.Debug|Any CPU.Build.0 = Debug|Any CPU
		{BB220128-3A0F-4AFD-AD9D-1D718A80EF4A}.Release|Any CPU.ActiveCfg = Release|Any CPU
		{BB220128-3A0F-4AFD-AD9D-1D718A80EF4A}.Release|Any CPU.Build.0 = Release|Any CPU
		{B6207F21-5A39-4951-BEFC-87F905635AD3}.Debug|Any CPU.ActiveCfg = Debug|Any CPU
		{B6207F21-5A39-4951-BEFC-87F905635AD3}.Debug|Any CPU.Build.0 = Debug|Any CPU
		{B6207F21-5A39-4951-BEFC-87F905635AD3}.Release|Any CPU.ActiveCfg = Release|Any CPU
		{B6207F21-5A39-4951-BEFC-87F905635AD3}.Release|Any CPU.Build.0 = Release|Any CPU
		{53E51CB6-B092-407B-9413-A6FC3F84D763}.Debug|Any CPU.ActiveCfg = Debug|Any CPU
		{53E51CB6-B092-407B-9413-A6FC3F84D763}.Debug|Any CPU.Build.0 = Debug|Any CPU
		{53E51CB6-B092-407B-9413-A6FC3F84D763}.Release|Any CPU.ActiveCfg = Release|Any CPU
		{53E51CB6-B092-407B-9413-A6FC3F84D763}.Release|Any CPU.Build.0 = Release|Any CPU
	EndGlobalSection
EndGlobal
